
Microsoft Visual Studio Solution File, Format Version 12.00
# Visual Studio Version 16
VisualStudioVersion = 16.0.31229.75
MinimumVisualStudioVersion = 10.0.40219.1
Project("{FAE04EC0-301F-11D3-BF4B-00C04F79EFBC}") = "STEP_PAY", "STEP_PAY\STEP_PAY.csproj", "{073F65C9-5115-429F-BDDB-C8DB4B32BF35}"
EndProject
Global
	GlobalSection(SolutionConfigurationPlatforms) = preSolution
		Debug|Any CPU = Debug|Any CPU
		Release|Any CPU = Release|Any CPU
	EndGlobalSection
	GlobalSection(ProjectConfigurationPlatforms) = postSolution
		{073F65C9-5115-429F-BDDB-C8DB4B32BF35}.Debug|Any CPU.ActiveCfg = Debug|Any CPU
		{073F65C9-5115-429F-BDDB-C8DB4B32BF35}.Debug|Any CPU.Build.0 = Debug|Any CPU
		{073F65C9-5115-429F-BDDB-C8DB4B32BF35}.Release|Any CPU.ActiveCfg = Release|Any CPU
		{073F65C9-5115-429F-BDDB-C8DB4B32BF35}.Release|Any CPU.Build.0 = Release|Any CPU
	EndGlobalSection
	GlobalSection(SolutionProperties) = preSolution
		HideSolutionNode = FALSE
	EndGlobalSection
	GlobalSection(ExtensibilityGlobals) = postSolution
		SolutionGuid = {7BE5B3F4-0024-4EB2-A2AF-2FE628902EEB}
	EndGlobalSection
EndGlobal
